{
  "requires": true,
  "lockfileVersion": 1,
  "dependencies": {
    "@types/geojson": {
      "version": "7946.0.8",
      "resolved": "https://npm.beta.usthaan.in/@types%2fgeojson/-/geojson-7946.0.8.tgz",
      "integrity": "sha512-1rkryxURpr6aWP7R786/UQOkJ3PcpQiWkAXBmdWc7ryFWqN6a4xfK7BtjXvFBKO9LjQ+MWQSWxYeZX1OApnArA=="
    },
    "@types/mapbox-gl": {
      "version": "2.6.1",
      "resolved": "https://npm.beta.usthaan.in/@types%2fmapbox-gl/-/mapbox-gl-2.6.1.tgz",
      "integrity": "sha512-ErM4hS1cAH9eJZ+b0bgrF9JuSN1P5i9jhfiJTZ6uOb2Bib7a8tkUivLz/fA69h51JN2CE3G5RE8EZIslgBzIIA==",
      "requires": {
        "@types/geojson": "*"
      }
    },
    "react-map-gl": {
      "version": "7.0.6",
      "resolved": "https://npm.beta.usthaan.in/react-map-gl/-/react-map-gl-7.0.6.tgz",
      "integrity": "sha512-c6HcIJ/qhiK/ifxGH2WtgHZAAa5PePUvCL/O3juMCdcUOuvujN3rjK2Cg+Yei9Mp/fDN6z15/g3St9PKQGBG7A==",
      "requires": {
        "@types/mapbox-gl": "^2.6.0"
      }
    }
  }
}
